
Microsoft Visual Studio Solution File, Format Version 12.00
# Visual Studio Version 16
VisualStudioVersion = 16.0.30320.27
MinimumVisualStudioVersion = 10.0.40219.1
Project("{FAE04EC0-301F-11D3-BF4B-00C04F79EFBC}") = "Zadanie5", "Zadanie5\Zadanie5.csproj", "{EF3BFFED-5E02-4DA2-AC97-2CED474D7070}"
EndProject
Global
	GlobalSection(SolutionConfigurationPlatforms) = preSolution
		Debug|Any CPU = Debug|Any CPU
		Release|Any CPU = Release|Any CPU
	EndGlobalSection
	GlobalSection(ProjectConfigurationPlatforms) = postSolution
		{EF3BFFED-5E02-4DA2-AC97-2CED474D7070}.Debug|Any CPU.ActiveCfg = Debug|Any CPU
		{EF3BFFED-5E02-4DA2-AC97-2CED474D7070}.Debug|Any CPU.Build.0 = Debug|Any CPU
		{EF3BFFED-5E02-4DA2-AC97-2CED474D7070}.Release|Any CPU.ActiveCfg = Release|Any CPU
		{EF3BFFED-5E02-4DA2-AC97-2CED474D7070}.Release|Any CPU.Build.0 = Release|Any CPU
	EndGlobalSection
	GlobalSection(SolutionProperties) = preSolution
		HideSolutionNode = FALSE
	EndGlobalSection
	GlobalSection(ExtensibilityGlobals) = postSolution
		SolutionGuid = {1027DD05-E790-49EE-912D-59EAB3571F89}
	EndGlobalSection
EndGlobal
